// !$*UTF8*$!
{
	archiveVersion = 1;
	classes = {
	};
	objectVersion = 46;
	objects = {

/* Begin PBXBuildFile section */
		9C0055211A0C3738004E751A /* TransactionsHeaderView.swift in Sources */ = {isa = PBXBuildFile; fileRef = 9C0055201A0C3738004E751A /* TransactionsHeaderView.swift */; };
		9C0055231A0C3CDC004E751A /* TransactionsHeaderView.xib in Resources */ = {isa = PBXBuildFile; fileRef = 9C0055221A0C3CDC004E751A /* TransactionsHeaderView.xib */; };
		9C0055271A0C8999004E751A /* TransactionTableViewCell.swift in Sources */ = {isa = PBXBuildFile; fileRef = 9C0055261A0C8999004E751A /* TransactionTableViewCell.swift */; };
		9C0963EA1A1A79D1003287B4 /* Bolts.framework in Frameworks */ = {isa = PBXBuildFile; fileRef = 9C0963E61A1A79D1003287B4 /* Bolts.framework */; };
		9C0963EB1A1A79D1003287B4 /* Parse.framework in Frameworks */ = {isa = PBXBuildFile; fileRef = 9C0963E71A1A79D1003287B4 /* Parse.framework */; };
		9C0963EC1A1A79D1003287B4 /* ParseFacebookUtils.framework in Frameworks */ = {isa = PBXBuildFile; fileRef = 9C0963E81A1A79D1003287B4 /* ParseFacebookUtils.framework */; };
		9C0963ED1A1A79D1003287B4 /* ParseUI.framework in Frameworks */ = {isa = PBXBuildFile; fileRef = 9C0963E91A1A79D1003287B4 /* ParseUI.framework */; };
		9C0963EF1A1A79DE003287B4 /* AudioToolbox.framework in Frameworks */ = {isa = PBXBuildFile; fileRef = 9C0963EE1A1A79DE003287B4 /* AudioToolbox.framework */; };
		9C0963F11A1A79E4003287B4 /* CFNetwork.framework in Frameworks */ = {isa = PBXBuildFile; fileRef = 9C0963F01A1A79E4003287B4 /* CFNetwork.framework */; };
		9C0963F31A1A79EA003287B4 /* CoreGraphics.framework in Frameworks */ = {isa = PBXBuildFile; fileRef = 9C0963F21A1A79EA003287B4 /* CoreGraphics.framework */; };
		9C0963F51A1A79F0003287B4 /* CoreLocation.framework in Frameworks */ = {isa = PBXBuildFile; fileRef = 9C0963F41A1A79F0003287B4 /* CoreLocation.framework */; };
		9C0963F71A1A79F5003287B4 /* libz.dylib in Frameworks */ = {isa = PBXBuildFile; fileRef = 9C0963F61A1A79F5003287B4 /* libz.dylib */; };
		9C0963F91A1A79FB003287B4 /* MobileCoreServices.framework in Frameworks */ = {isa = PBXBuildFile; fileRef = 9C0963F81A1A79FB003287B4 /* MobileCoreServices.framework */; };
		9C0963FB1A1A7A02003287B4 /* QuartzCore.framework in Frameworks */ = {isa = PBXBuildFile; fileRef = 9C0963FA1A1A7A02003287B4 /* QuartzCore.framework */; };
		9C0963FD1A1A7A06003287B4 /* Security.framework in Frameworks */ = {isa = PBXBuildFile; fileRef = 9C0963FC1A1A7A06003287B4 /* Security.framework */; };
		9C0963FF1A1A7A0B003287B4 /* StoreKit.framework in Frameworks */ = {isa = PBXBuildFile; fileRef = 9C0963FE1A1A7A0B003287B4 /* StoreKit.framework */; };
		9C0964011A1A7A10003287B4 /* SystemConfiguration.framework in Frameworks */ = {isa = PBXBuildFile; fileRef = 9C0964001A1A7A10003287B4 /* SystemConfiguration.framework */; };
		9C0A313C1A0AEFBE00A94D9F /* AppDelegate.swift in Sources */ = {isa = PBXBuildFile; fileRef = 9C0A313B1A0AEFBE00A94D9F /* AppDelegate.swift */; };
		9C0A313E1A0AEFBE00A94D9F /* TransactionsViewController.swift in Sources */ = {isa = PBXBuildFile; fileRef = 9C0A313D1A0AEFBE00A94D9F /* TransactionsViewController.swift */; };
		9C0A31431A0AEFBE00A94D9F /* Images.xcassets in Resources */ = {isa = PBXBuildFile; fileRef = 9C0A31421A0AEFBE00A94D9F /* Images.xcassets */; };
		9C0A31461A0AEFBE00A94D9F /* LaunchScreen.xib in Resources */ = {isa = PBXBuildFile; fileRef = 9C0A31441A0AEFBE00A94D9F /* LaunchScreen.xib */; };
		9C0A31521A0AEFBE00A94D9F /* PeppermintTests.swift in Sources */ = {isa = PBXBuildFile; fileRef = 9C0A31511A0AEFBE00A94D9F /* PeppermintTests.swift */; };
		9C31DE851A157BD7004A1120 /* SelectCategoryViewController.swift in Sources */ = {isa = PBXBuildFile; fileRef = 9C31DE841A157BD7004A1120 /* SelectCategoryViewController.swift */; };
		9C46BABE1A16ACC3008CDCF7 /* Categories.swift in Sources */ = {isa = PBXBuildFile; fileRef = 9C46BABD1A16ACC3008CDCF7 /* Categories.swift */; };
		9C46BAC01A16ACE2008CDCF7 /* Transactions.swift in Sources */ = {isa = PBXBuildFile; fileRef = 9C46BABF1A16ACE2008CDCF7 /* Transactions.swift */; };
		9C5796041A13E0750089097A /* AddTransactionViewController.swift in Sources */ = {isa = PBXBuildFile; fileRef = 9C5796031A13E0750089097A /* AddTransactionViewController.swift */; };
		9C5796061A13E0F50089097A /* AddTransactionViewController.xib in Resources */ = {isa = PBXBuildFile; fileRef = 9C5796051A13E0F50089097A /* AddTransactionViewController.xib */; };
		9C57960E1A142A750089097A /* RecentTransactionsViewController.swift in Sources */ = {isa = PBXBuildFile; fileRef = 9C57960D1A142A750089097A /* RecentTransactionsViewController.swift */; };
		9CDF119E1A11901A005F6567 /* DashboardViewController.swift in Sources */ = {isa = PBXBuildFile; fileRef = 9CDF119D1A11901A005F6567 /* DashboardViewController.swift */; };
/* End PBXBuildFile section */

/* Begin PBXContainerItemProxy section */
		9C0A314C1A0AEFBE00A94D9F /* PBXContainerItemProxy */ = {
			isa = PBXContainerItemProxy;
			containerPortal = 9C0A312E1A0AEFBE00A94D9F /* Project object */;
			proxyType = 1;
			remoteGlobalIDString = 9C0A31351A0AEFBE00A94D9F;
			remoteInfo = Peppermint;
		};
/* End PBXContainerItemProxy section */

/* Begin PBXFileReference section */
		9C0055201A0C3738004E751A /* TransactionsHeaderView.swift */ = {isa = PBXFileReference; fileEncoding = 4; lastKnownFileType = sourcecode.swift; path = TransactionsHeaderView.swift; sourceTree = "<group>"; };
		9C0055221A0C3CDC004E751A /* TransactionsHeaderView.xib */ = {isa = PBXFileReference; fileEncoding = 4; lastKnownFileType = file.xib; path = TransactionsHeaderView.xib; sourceTree = "<group>"; };
		9C0055261A0C8999004E751A /* TransactionTableViewCell.swift */ = {isa = PBXFileReference; fileEncoding = 4; lastKnownFileType = sourcecode.swift; path = TransactionTableViewCell.swift; sourceTree = "<group>"; };
		9C0963E61A1A79D1003287B4 /* Bolts.framework */ = {isa = PBXFileReference; lastKnownFileType = wrapper.framework; path = Bolts.framework; sourceTree = "<group>"; };
		9C0963E71A1A79D1003287B4 /* Parse.framework */ = {isa = PBXFileReference; lastKnownFileType = wrapper.framework; path = Parse.framework; sourceTree = "<group>"; };
		9C0963E81A1A79D1003287B4 /* ParseFacebookUtils.framework */ = {isa = PBXFileReference; lastKnownFileType = wrapper.framework; path = ParseFacebookUtils.framework; sourceTree = "<group>"; };
		9C0963E91A1A79D1003287B4 /* ParseUI.framework */ = {isa = PBXFileReference; lastKnownFileType = wrapper.framework; path = ParseUI.framework; sourceTree = "<group>"; };
		9C0963EE1A1A79DE003287B4 /* AudioToolbox.framework */ = {isa = PBXFileReference; lastKnownFileType = wrapper.framework; name = AudioToolbox.framework; path = System/Library/Frameworks/AudioToolbox.framework; sourceTree = SDKROOT; };
		9C0963F01A1A79E4003287B4 /* CFNetwork.framework */ = {isa = PBXFileReference; lastKnownFileType = wrapper.framework; name = CFNetwork.framework; path = System/Library/Frameworks/CFNetwork.framework; sourceTree = SDKROOT; };
		9C0963F21A1A79EA003287B4 /* CoreGraphics.framework */ = {isa = PBXFileReference; lastKnownFileType = wrapper.framework; name = CoreGraphics.framework; path = System/Library/Frameworks/CoreGraphics.framework; sourceTree = SDKROOT; };
		9C0963F41A1A79F0003287B4 /* CoreLocation.framework */ = {isa = PBXFileReference; lastKnownFileType = wrapper.framework; name = CoreLocation.framework; path = System/Library/Frameworks/CoreLocation.framework; sourceTree = SDKROOT; };
		9C0963F61A1A79F5003287B4 /* libz.dylib */ = {isa = PBXFileReference; lastKnownFileType = "compiled.mach-o.dylib"; name = libz.dylib; path = usr/lib/libz.dylib; sourceTree = SDKROOT; };
		9C0963F81A1A79FB003287B4 /* MobileCoreServices.framework */ = {isa = PBXFileReference; lastKnownFileType = wrapper.framework; name = MobileCoreServices.framework; path = System/Library/Frameworks/MobileCoreServices.framework; sourceTree = SDKROOT; };
		9C0963FA1A1A7A02003287B4 /* QuartzCore.framework */ = {isa = PBXFileReference; lastKnownFileType = wrapper.framework; name = QuartzCore.framework; path = System/Library/Frameworks/QuartzCore.framework; sourceTree = SDKROOT; };
		9C0963FC1A1A7A06003287B4 /* Security.framework */ = {isa = PBXFileReference; lastKnownFileType = wrapper.framework; name = Security.framework; path = System/Library/Frameworks/Security.framework; sourceTree = SDKROOT; };
		9C0963FE1A1A7A0B003287B4 /* StoreKit.framework */ = {isa = PBXFileReference; lastKnownFileType = wrapper.framework; name = StoreKit.framework; path = System/Library/Frameworks/StoreKit.framework; sourceTree = SDKROOT; };
		9C0964001A1A7A10003287B4 /* SystemConfiguration.framework */ = {isa = PBXFileReference; lastKnownFileType = wrapper.framework; name = SystemConfiguration.framework; path = System/Library/Frameworks/SystemConfiguration.framework; sourceTree = SDKROOT; };
		9C0A31361A0AEFBE00A94D9F /* Peppermint.app */ = {isa = PBXFileReference; explicitFileType = wrapper.application; includeInIndex = 0; path = Peppermint.app; sourceTree = BUILT_PRODUCTS_DIR; };
		9C0A313A1A0AEFBE00A94D9F /* Info.plist */ = {isa = PBXFileReference; lastKnownFileType = text.plist.xml; path = Info.plist; sourceTree = "<group>"; };
		9C0A313B1A0AEFBE00A94D9F /* AppDelegate.swift */ = {isa = PBXFileReference; lastKnownFileType = sourcecode.swift; path = AppDelegate.swift; sourceTree = "<group>"; };
		9C0A313D1A0AEFBE00A94D9F /* TransactionsViewController.swift */ = {isa = PBXFileReference; lastKnownFileType = sourcecode.swift; path = TransactionsViewController.swift; sourceTree = "<group>"; };
		9C0A31421A0AEFBE00A94D9F /* Images.xcassets */ = {isa = PBXFileReference; lastKnownFileType = folder.assetcatalog; path = Images.xcassets; sourceTree = "<group>"; };
		9C0A31451A0AEFBE00A94D9F /* Base */ = {isa = PBXFileReference; lastKnownFileType = file.xib; name = Base; path = Base.lproj/LaunchScreen.xib; sourceTree = "<group>"; };
		9C0A314B1A0AEFBE00A94D9F /* PeppermintTests.xctest */ = {isa = PBXFileReference; explicitFileType = wrapper.cfbundle; includeInIndex = 0; path = PeppermintTests.xctest; sourceTree = BUILT_PRODUCTS_DIR; };
		9C0A31501A0AEFBE00A94D9F /* Info.plist */ = {isa = PBXFileReference; lastKnownFileType = text.plist.xml; path = Info.plist; sourceTree = "<group>"; };
		9C0A31511A0AEFBE00A94D9F /* PeppermintTests.swift */ = {isa = PBXFileReference; lastKnownFileType = sourcecode.swift; path = PeppermintTests.swift; sourceTree = "<group>"; };
		9C1B501D1A1A854500EF346D /* Peppermint.h */ = {isa = PBXFileReference; lastKnownFileType = sourcecode.c.h; path = Peppermint.h; sourceTree = "<group>"; };
		9C31DE841A157BD7004A1120 /* SelectCategoryViewController.swift */ = {isa = PBXFileReference; fileEncoding = 4; lastKnownFileType = sourcecode.swift; path = SelectCategoryViewController.swift; sourceTree = "<group>"; };
		9C46BABD1A16ACC3008CDCF7 /* Categories.swift */ = {isa = PBXFileReference; fileEncoding = 4; lastKnownFileType = sourcecode.swift; name = Categories.swift; path = Models/Categories.swift; sourceTree = "<group>"; };
		9C46BABF1A16ACE2008CDCF7 /* Transactions.swift */ = {isa = PBXFileReference; fileEncoding = 4; lastKnownFileType = sourcecode.swift; name = Transactions.swift; path = Models/Transactions.swift; sourceTree = "<group>"; };
		9C5796031A13E0750089097A /* AddTransactionViewController.swift */ = {isa = PBXFileReference; fileEncoding = 4; lastKnownFileType = sourcecode.swift; path = AddTransactionViewController.swift; sourceTree = "<group>"; };
		9C5796051A13E0F50089097A /* AddTransactionViewController.xib */ = {isa = PBXFileReference; fileEncoding = 4; lastKnownFileType = file.xib; path = AddTransactionViewController.xib; sourceTree = "<group>"; };
		9C57960D1A142A750089097A /* RecentTransactionsViewController.swift */ = {isa = PBXFileReference; fileEncoding = 4; lastKnownFileType = sourcecode.swift; path = RecentTransactionsViewController.swift; sourceTree = "<group>"; };
		9CDF119D1A11901A005F6567 /* DashboardViewController.swift */ = {isa = PBXFileReference; fileEncoding = 4; lastKnownFileType = sourcecode.swift; path = DashboardViewController.swift; sourceTree = "<group>"; };
/* End PBXFileReference section */

/* Begin PBXFrameworksBuildPhase section */
		9C0A31331A0AEFBE00A94D9F /* Frameworks */ = {
			isa = PBXFrameworksBuildPhase;
			buildActionMask = 2147483647;
			files = (
				9C0964011A1A7A10003287B4 /* SystemConfiguration.framework in Frameworks */,
				9C0963FF1A1A7A0B003287B4 /* StoreKit.framework in Frameworks */,
				9C0963FD1A1A7A06003287B4 /* Security.framework in Frameworks */,
				9C0963FB1A1A7A02003287B4 /* QuartzCore.framework in Frameworks */,
				9C0963F91A1A79FB003287B4 /* MobileCoreServices.framework in Frameworks */,
				9C0963F71A1A79F5003287B4 /* libz.dylib in Frameworks */,
				9C0963F51A1A79F0003287B4 /* CoreLocation.framework in Frameworks */,
				9C0963F31A1A79EA003287B4 /* CoreGraphics.framework in Frameworks */,
				9C0963F11A1A79E4003287B4 /* CFNetwork.framework in Frameworks */,
				9C0963EF1A1A79DE003287B4 /* AudioToolbox.framework in Frameworks */,
				9C0963EB1A1A79D1003287B4 /* Parse.framework in Frameworks */,
				9C0963EA1A1A79D1003287B4 /* Bolts.framework in Frameworks */,
				9C0963ED1A1A79D1003287B4 /* ParseUI.framework in Frameworks */,
				9C0963EC1A1A79D1003287B4 /* ParseFacebookUtils.framework in Frameworks */,
			);
			runOnlyForDeploymentPostprocessing = 0;
		};
		9C0A31481A0AEFBE00A94D9F /* Frameworks */ = {
			isa = PBXFrameworksBuildPhase;
			buildActionMask = 2147483647;
			files = (
			);
			runOnlyForDeploymentPostprocessing = 0;
		};
/* End PBXFrameworksBuildPhase section */

/* Begin PBXGroup section */
		60E0DA89D574702F6513F7FA /* Frameworks */ = {
			isa = PBXGroup;
			children = (
				9C0964001A1A7A10003287B4 /* SystemConfiguration.framework */,
				9C0963FE1A1A7A0B003287B4 /* StoreKit.framework */,
				9C0963FC1A1A7A06003287B4 /* Security.framework */,
				9C0963FA1A1A7A02003287B4 /* QuartzCore.framework */,
				9C0963F81A1A79FB003287B4 /* MobileCoreServices.framework */,
				9C0963F61A1A79F5003287B4 /* libz.dylib */,
				9C0963F41A1A79F0003287B4 /* CoreLocation.framework */,
				9C0963F21A1A79EA003287B4 /* CoreGraphics.framework */,
				9C0963F01A1A79E4003287B4 /* CFNetwork.framework */,
				9C0963EE1A1A79DE003287B4 /* AudioToolbox.framework */,
				9C0963E61A1A79D1003287B4 /* Bolts.framework */,
				9C0963E71A1A79D1003287B4 /* Parse.framework */,
				9C0963E81A1A79D1003287B4 /* ParseFacebookUtils.framework */,
				9C0963E91A1A79D1003287B4 /* ParseUI.framework */,
			);
			name = Frameworks;
			sourceTree = "<group>";
		};
		9C0A312D1A0AEFBE00A94D9F = {
			isa = PBXGroup;
			children = (
				9C0A31381A0AEFBE00A94D9F /* Peppermint */,
				9C0A314E1A0AEFBE00A94D9F /* PeppermintTests */,
				9C0A31371A0AEFBE00A94D9F /* Products */,
				60E0DA89D574702F6513F7FA /* Frameworks */,
			);
			sourceTree = "<group>";
		};
		9C0A31371A0AEFBE00A94D9F /* Products */ = {
			isa = PBXGroup;
			children = (
				9C0A31361A0AEFBE00A94D9F /* Peppermint.app */,
				9C0A314B1A0AEFBE00A94D9F /* PeppermintTests.xctest */,
			);
			name = Products;
			sourceTree = "<group>";
		};
		9C0A31381A0AEFBE00A94D9F /* Peppermint */ = {
			isa = PBXGroup;
			children = (
				9C46BABC1A16ACA4008CDCF7 /* Models */,
				9C0A313B1A0AEFBE00A94D9F /* AppDelegate.swift */,
				9C0A313D1A0AEFBE00A94D9F /* TransactionsViewController.swift */,
				9C0A31421A0AEFBE00A94D9F /* Images.xcassets */,
				9C0A31441A0AEFBE00A94D9F /* LaunchScreen.xib */,
				9C0A31391A0AEFBE00A94D9F /* Supporting Files */,
				9C0055201A0C3738004E751A /* TransactionsHeaderView.swift */,
				9C0055221A0C3CDC004E751A /* TransactionsHeaderView.xib */,
				9C0055261A0C8999004E751A /* TransactionTableViewCell.swift */,
				9CDF119D1A11901A005F6567 /* DashboardViewController.swift */,
				9C5796031A13E0750089097A /* AddTransactionViewController.swift */,
				9C5796051A13E0F50089097A /* AddTransactionViewController.xib */,
				9C57960D1A142A750089097A /* RecentTransactionsViewController.swift */,
				9C31DE841A157BD7004A1120 /* SelectCategoryViewController.swift */,
				9C1B501D1A1A854500EF346D /* Peppermint.h */,
			);
			path = Peppermint;
			sourceTree = "<group>";
		};
		9C0A31391A0AEFBE00A94D9F /* Supporting Files */ = {
			isa = PBXGroup;
			children = (
				9C0A313A1A0AEFBE00A94D9F /* Info.plist */,
			);
			name = "Supporting Files";
			sourceTree = "<group>";
		};
		9C0A314E1A0AEFBE00A94D9F /* PeppermintTests */ = {
			isa = PBXGroup;
			children = (
				9C0A31511A0AEFBE00A94D9F /* PeppermintTests.swift */,
				9C0A314F1A0AEFBE00A94D9F /* Supporting Files */,
			);
			path = PeppermintTests;
			sourceTree = "<group>";
		};
		9C0A314F1A0AEFBE00A94D9F /* Supporting Files */ = {
			isa = PBXGroup;
			children = (
				9C0A31501A0AEFBE00A94D9F /* Info.plist */,
			);
			name = "Supporting Files";
			sourceTree = "<group>";
		};
		9C46BABC1A16ACA4008CDCF7 /* Models */ = {
			isa = PBXGroup;
			children = (
				9C46BABF1A16ACE2008CDCF7 /* Transactions.swift */,
				9C46BABD1A16ACC3008CDCF7 /* Categories.swift */,
			);
			name = Models;
			sourceTree = "<group>";
		};
/* End PBXGroup section */

/* Begin PBXNativeTarget section */
		9C0A31351A0AEFBE00A94D9F /* Peppermint */ = {
			isa = PBXNativeTarget;
			buildConfigurationList = 9C0A31551A0AEFBE00A94D9F /* Build configuration list for PBXNativeTarget "Peppermint" */;
			buildPhases = (
				9C0A31321A0AEFBE00A94D9F /* Sources */,
				9C0A31331A0AEFBE00A94D9F /* Frameworks */,
				9C0A31341A0AEFBE00A94D9F /* Resources */,
			);
			buildRules = (
			);
			dependencies = (
			);
			name = Peppermint;
			productName = Peppermint;
			productReference = 9C0A31361A0AEFBE00A94D9F /* Peppermint.app */;
			productType = "com.apple.product-type.application";
		};
		9C0A314A1A0AEFBE00A94D9F /* PeppermintTests */ = {
			isa = PBXNativeTarget;
			buildConfigurationList = 9C0A31581A0AEFBE00A94D9F /* Build configuration list for PBXNativeTarget "PeppermintTests" */;
			buildPhases = (
				9C0A31471A0AEFBE00A94D9F /* Sources */,
				9C0A31481A0AEFBE00A94D9F /* Frameworks */,
				9C0A31491A0AEFBE00A94D9F /* Resources */,
			);
			buildRules = (
			);
			dependencies = (
				9C0A314D1A0AEFBE00A94D9F /* PBXTargetDependency */,
			);
			name = PeppermintTests;
			productName = PeppermintTests;
			productReference = 9C0A314B1A0AEFBE00A94D9F /* PeppermintTests.xctest */;
			productType = "com.apple.product-type.bundle.unit-test";
		};
/* End PBXNativeTarget section */

/* Begin PBXProject section */
		9C0A312E1A0AEFBE00A94D9F /* Project object */ = {
			isa = PBXProject;
			attributes = {
				LastUpgradeCheck = 0610;
				ORGANIZATIONNAME = PaulShen;
				TargetAttributes = {
					9C0A31351A0AEFBE00A94D9F = {
						CreatedOnToolsVersion = 6.1;
					};
					9C0A314A1A0AEFBE00A94D9F = {
						CreatedOnToolsVersion = 6.1;
						TestTargetID = 9C0A31351A0AEFBE00A94D9F;
					};
				};
			};
			buildConfigurationList = 9C0A31311A0AEFBE00A94D9F /* Build configuration list for PBXProject "Peppermint" */;
			compatibilityVersion = "Xcode 3.2";
			developmentRegion = English;
			hasScannedForEncodings = 0;
			knownRegions = (
				en,
				Base,
			);
			mainGroup = 9C0A312D1A0AEFBE00A94D9F;
			productRefGroup = 9C0A31371A0AEFBE00A94D9F /* Products */;
			projectDirPath = "";
			projectRoot = "";
			targets = (
				9C0A31351A0AEFBE00A94D9F /* Peppermint */,
				9C0A314A1A0AEFBE00A94D9F /* PeppermintTests */,
			);
		};
/* End PBXProject section */

/* Begin PBXResourcesBuildPhase section */
		9C0A31341A0AEFBE00A94D9F /* Resources */ = {
			isa = PBXResourcesBuildPhase;
			buildActionMask = 2147483647;
			files = (
				9C0A31461A0AEFBE00A94D9F /* LaunchScreen.xib in Resources */,
				9C0055231A0C3CDC004E751A /* TransactionsHeaderView.xib in Resources */,
				9C5796061A13E0F50089097A /* AddTransactionViewController.xib in Resources */,
				9C0A31431A0AEFBE00A94D9F /* Images.xcassets in Resources */,
			);
			runOnlyForDeploymentPostprocessing = 0;
		};
		9C0A31491A0AEFBE00A94D9F /* Resources */ = {
			isa = PBXResourcesBuildPhase;
			buildActionMask = 2147483647;
			files = (
			);
			runOnlyForDeploymentPostprocessing = 0;
		};
/* End PBXResourcesBuildPhase section */

/* Begin PBXSourcesBuildPhase section */
		9C0A31321A0AEFBE00A94D9F /* Sources */ = {
			isa = PBXSourcesBuildPhase;
			buildActionMask = 2147483647;
			files = (
				9C0055211A0C3738004E751A /* TransactionsHeaderView.swift in Sources */,
				9CDF119E1A11901A005F6567 /* DashboardViewController.swift in Sources */,
				9C31DE851A157BD7004A1120 /* SelectCategoryViewController.swift in Sources */,
				9C57960E1A142A750089097A /* RecentTransactionsViewController.swift in Sources */,
				9C0A313E1A0AEFBE00A94D9F /* TransactionsViewController.swift in Sources */,
				9C46BAC01A16ACE2008CDCF7 /* Transactions.swift in Sources */,
				9C0A313C1A0AEFBE00A94D9F /* AppDelegate.swift in Sources */,
				9C46BABE1A16ACC3008CDCF7 /* Categories.swift in Sources */,
				9C0055271A0C8999004E751A /* TransactionTableViewCell.swift in Sources */,
				9C5796041A13E0750089097A /* AddTransactionViewController.swift in Sources */,
			);
			runOnlyForDeploymentPostprocessing = 0;
		};
		9C0A31471A0AEFBE00A94D9F /* Sources */ = {
			isa = PBXSourcesBuildPhase;
			buildActionMask = 2147483647;
			files = (
				9C0A31521A0AEFBE00A94D9F /* PeppermintTests.swift in Sources */,
			);
			runOnlyForDeploymentPostprocessing = 0;
		};
/* End PBXSourcesBuildPhase section */

/* Begin PBXTargetDependency section */
		9C0A314D1A0AEFBE00A94D9F /* PBXTargetDependency */ = {
			isa = PBXTargetDependency;
			target = 9C0A31351A0AEFBE00A94D9F /* Peppermint */;
			targetProxy = 9C0A314C1A0AEFBE00A94D9F /* PBXContainerItemProxy */;
		};
/* End PBXTargetDependency section */

/* Begin PBXVariantGroup section */
		9C0A31441A0AEFBE00A94D9F /* LaunchScreen.xib */ = {
			isa = PBXVariantGroup;
			children = (
				9C0A31451A0AEFBE00A94D9F /* Base */,
			);
			name = LaunchScreen.xib;
			sourceTree = "<group>";
		};
/* End PBXVariantGroup section */

/* Begin XCBuildConfiguration section */
		9C0A31531A0AEFBE00A94D9F /* Debug */ = {
			isa = XCBuildConfiguration;
			buildSettings = {
				ALWAYS_SEARCH_USER_PATHS = NO;
				CLANG_ALLOW_NON_MODULAR_INCLUDES_IN_FRAMEWORK_MODULES = YES;
				CLANG_CXX_LANGUAGE_STANDARD = "gnu++0x";
				CLANG_CXX_LIBRARY = "libc++";
				CLANG_ENABLE_MODULES = YES;
				CLANG_ENABLE_OBJC_ARC = YES;
				CLANG_WARN_BOOL_CONVERSION = YES;
				CLANG_WARN_CONSTANT_CONVERSION = YES;
				CLANG_WARN_DIRECT_OBJC_ISA_USAGE = YES_ERROR;
				CLANG_WARN_EMPTY_BODY = YES;
				CLANG_WARN_ENUM_CONVERSION = YES;
				CLANG_WARN_INT_CONVERSION = YES;
				CLANG_WARN_OBJC_ROOT_CLASS = YES_ERROR;
				CLANG_WARN_UNREACHABLE_CODE = YES;
				CLANG_WARN__DUPLICATE_METHOD_MATCH = YES;
				"CODE_SIGN_IDENTITY[sdk=iphoneos*]" = "iPhone Developer";
				COPY_PHASE_STRIP = NO;
				ENABLE_STRICT_OBJC_MSGSEND = YES;
				GCC_C_LANGUAGE_STANDARD = gnu99;
				GCC_DYNAMIC_NO_PIC = NO;
				GCC_OPTIMIZATION_LEVEL = 0;
				GCC_PREPROCESSOR_DEFINITIONS = (
					"DEBUG=1",
					"$(inherited)",
				);
				GCC_SYMBOLS_PRIVATE_EXTERN = NO;
				GCC_WARN_64_TO_32_BIT_CONVERSION = YES;
				GCC_WARN_ABOUT_RETURN_TYPE = YES_ERROR;
				GCC_WARN_UNDECLARED_SELECTOR = YES;
				GCC_WARN_UNINITIALIZED_AUTOS = YES_AGGRESSIVE;
				GCC_WARN_UNUSED_FUNCTION = YES;
				GCC_WARN_UNUSED_VARIABLE = YES;
				IPHONEOS_DEPLOYMENT_TARGET = 8.1;
				MTL_ENABLE_DEBUG_INFO = YES;
				ONLY_ACTIVE_ARCH = YES;
				SDKROOT = iphoneos;
				SWIFT_OBJC_BRIDGING_HEADER = "";
				SWIFT_OPTIMIZATION_LEVEL = "-Onone";
			};
			name = Debug;
		};
		9C0A31541A0AEFBE00A94D9F /* Release */ = {
			isa = XCBuildConfiguration;
			buildSettings = {
				ALWAYS_SEARCH_USER_PATHS = NO;
				CLANG_ALLOW_NON_MODULAR_INCLUDES_IN_FRAMEWORK_MODULES = YES;
				CLANG_CXX_LANGUAGE_STANDARD = "gnu++0x";
				CLANG_CXX_LIBRARY = "libc++";
				CLANG_ENABLE_MODULES = YES;
				CLANG_ENABLE_OBJC_ARC = YES;
				CLANG_WARN_BOOL_CONVERSION = YES;
				CLANG_WARN_CONSTANT_CONVERSION = YES;
				CLANG_WARN_DIRECT_OBJC_ISA_USAGE = YES_ERROR;
				CLANG_WARN_EMPTY_BODY = YES;
				CLANG_WARN_ENUM_CONVERSION = YES;
				CLANG_WARN_INT_CONVERSION = YES;
				CLANG_WARN_OBJC_ROOT_CLASS = YES_ERROR;
				CLANG_WARN_UNREACHABLE_CODE = YES;
				CLANG_WARN__DUPLICATE_METHOD_MATCH = YES;
				"CODE_SIGN_IDENTITY[sdk=iphoneos*]" = "iPhone Developer";
				COPY_PHASE_STRIP = YES;
				ENABLE_NS_ASSERTIONS = NO;
				ENABLE_STRICT_OBJC_MSGSEND = YES;
				GCC_C_LANGUAGE_STANDARD = gnu99;
				GCC_WARN_64_TO_32_BIT_CONVERSION = YES;
				GCC_WARN_ABOUT_RETURN_TYPE = YES_ERROR;
				GCC_WARN_UNDECLARED_SELECTOR = YES;
				GCC_WARN_UNINITIALIZED_AUTOS = YES_AGGRESSIVE;
				GCC_WARN_UNUSED_FUNCTION = YES;
				GCC_WARN_UNUSED_VARIABLE = YES;
				IPHONEOS_DEPLOYMENT_TARGET = 8.1;
				MTL_ENABLE_DEBUG_INFO = NO;
				SDKROOT = iphoneos;
				SWIFT_OBJC_BRIDGING_HEADER = "";
				VALIDATE_PRODUCT = YES;
			};
			name = Release;
		};
		9C0A31561A0AEFBE00A94D9F /* Debug */ = {
			isa = XCBuildConfiguration;
			buildSettings = {
				ASSETCATALOG_COMPILER_APPICON_NAME = AppIcon;
				CLANG_ENABLE_MODULES = YES;
				FRAMEWORK_SEARCH_PATHS = (
					"$(inherited)",
					"$(PROJECT_DIR)",
				);
				GCC_PREPROCESSOR_DEFINITIONS = "$(inherited)";
				INFOPLIST_FILE = Peppermint/Info.plist;
				LD_RUNPATH_SEARCH_PATHS = "$(inherited) @executable_path/Frameworks";
				PRODUCT_NAME = "$(TARGET_NAME)";
				SWIFT_OBJC_BRIDGING_HEADER = "";
				SWIFT_OPTIMIZATION_LEVEL = "-Onone";
			};
			name = Debug;
		};
		9C0A31571A0AEFBE00A94D9F /* Release */ = {
			isa = XCBuildConfiguration;
			buildSettings = {
				ASSETCATALOG_COMPILER_APPICON_NAME = AppIcon;
				CLANG_ENABLE_MODULES = YES;
				FRAMEWORK_SEARCH_PATHS = (
					"$(inherited)",
					"$(PROJECT_DIR)",
				);
				GCC_PREPROCESSOR_DEFINITIONS = "$(inherited)";
				INFOPLIST_FILE = Peppermint/Info.plist;
				LD_RUNPATH_SEARCH_PATHS = "$(inherited) @executable_path/Frameworks";
				PRODUCT_NAME = "$(TARGET_NAME)";
				SWIFT_OBJC_BRIDGING_HEADER = "";
			};
			name = Release;
		};
		9C0A31591A0AEFBE00A94D9F /* Debug */ = {
			isa = XCBuildConfiguration;
			buildSettings = {
				BUNDLE_LOADER = "$(TEST_HOST)";
				FRAMEWORK_SEARCH_PATHS = (
					"$(SDKROOT)/Developer/Library/Frameworks",
					"$(inherited)",
				);
				GCC_PREPROCESSOR_DEFINITIONS = (
					"DEBUG=1",
					"$(inherited)",
				);
				INFOPLIST_FILE = PeppermintTests/Info.plist;
				LD_RUNPATH_SEARCH_PATHS = "$(inherited) @executable_path/Frameworks @loader_path/Frameworks";
				PRODUCT_NAME = "$(TARGET_NAME)";
				TEST_HOST = "$(BUILT_PRODUCTS_DIR)/Peppermint.app/Peppermint";
			};
			name = Debug;
		};
		9C0A315A1A0AEFBE00A94D9F /* Release */ = {
			isa = XCBuildConfiguration;
			buildSettings = {
				BUNDLE_LOADER = "$(TEST_HOST)";
				FRAMEWORK_SEARCH_PATHS = (
					"$(SDKROOT)/Developer/Library/Frameworks",
					"$(inherited)",
				);
				INFOPLIST_FILE = PeppermintTests/Info.plist;
				LD_RUNPATH_SEARCH_PATHS = "$(inherited) @executable_path/Frameworks @loader_path/Frameworks";
				PRODUCT_NAME = "$(TARGET_NAME)";
				TEST_HOST = "$(BUILT_PRODUCTS_DIR)/Peppermint.app/Peppermint";
			};
			name = Release;
		};
/* End XCBuildConfiguration section */

/* Begin XCConfigurationList section */
		9C0A31311A0AEFBE00A94D9F /* Build configuration list for PBXProject "Peppermint" */ = {
			isa = XCConfigurationList;
			buildConfigurations = (
				9C0A31531A0AEFBE00A94D9F /* Debug */,
				9C0A31541A0AEFBE00A94D9F /* Release */,
			);
			defaultConfigurationIsVisible = 0;
			defaultConfigurationName = Release;
		};
		9C0A31551A0AEFBE00A94D9F /* Build configuration list for PBXNativeTarget "Peppermint" */ = {
			isa = XCConfigurationList;
			buildConfigurations = (
				9C0A31561A0AEFBE00A94D9F /* Debug */,
				9C0A31571A0AEFBE00A94D9F /* Release */,
			);
			defaultConfigurationIsVisible = 0;
			defaultConfigurationName = Release;
		};
		9C0A31581A0AEFBE00A94D9F /* Build configuration list for PBXNativeTarget "PeppermintTests" */ = {
			isa = XCConfigurationList;
			buildConfigurations = (
				9C0A31591A0AEFBE00A94D9F /* Debug */,
				9C0A315A1A0AEFBE00A94D9F /* Release */,
			);
			defaultConfigurationIsVisible = 0;
			defaultConfigurationName = Release;
		};
/* End XCConfigurationList section */
	};
	rootObject = 9C0A312E1A0AEFBE00A94D9F /* Project object */;
}
