// !$*UTF8*$!
{
	archiveVersion = 1;
	classes = {
	};
	objectVersion = 46;
	objects = {

/* Begin PBXBuildFile section */
		9C0963EA1A1A79D1003287B4 /* Bolts.framework in Frameworks */ = {isa = PBXBuildFile; fileRef = 9C0963E61A1A79D1003287B4 /* Bolts.framework */; };
		9C0963EB1A1A79D1003287B4 /* Parse.framework in Frameworks */ = {isa = PBXBuildFile; fileRef = 9C0963E71A1A79D1003287B4 /* Parse.framework */; };
		9C0963EC1A1A79D1003287B4 /* ParseFacebookUtils.framework in Frameworks */ = {isa = PBXBuildFile; fileRef = 9C0963E81A1A79D1003287B4 /* ParseFacebookUtils.framework */; };
		9C0963ED1A1A79D1003287B4 /* ParseUI.framework in Frameworks */ = {isa = PBXBuildFile; fileRef = 9C0963E91A1A79D1003287B4 /* ParseUI.framework */; };
		9C0963EF1A1A79DE003287B4 /* AudioToolbox.framework in Frameworks */ = {isa = PBXBuildFile; fileRef = 9C0963EE1A1A79DE003287B4 /* AudioToolbox.framework */; };
		9C0963F11A1A79E4003287B4 /* CFNetwork.framework in Frameworks */ = {isa = PBXBuildFile; fileRef = 9C0963F01A1A79E4003287B4 /* CFNetwork.framework */; };
		9C0963F31A1A79EA003287B4 /* CoreGraphics.framework in Frameworks */ = {isa = PBXBuildFile; fileRef = 9C0963F21A1A79EA003287B4 /* CoreGraphics.framework */; };
		9C0963F51A1A79F0003287B4 /* CoreLocation.framework in Frameworks */ = {isa = PBXBuildFile; fileRef = 9C0963F41A1A79F0003287B4 /* CoreLocation.framework */; };
		9C0963F71A1A79F5003287B4 /* libz.dylib in Frameworks */ = {isa = PBXBuildFile; fileRef = 9C0963F61A1A79F5003287B4 /* libz.dylib */; };
		9C0963F91A1A79FB003287B4 /* MobileCoreServices.framework in Frameworks */ = {isa = PBXBuildFile; fileRef = 9C0963F81A1A79FB003287B4 /* MobileCoreServices.framework */; };
		9C0963FB1A1A7A02003287B4 /* QuartzCore.framework in Frameworks */ = {isa = PBXBuildFile; fileRef = 9C0963FA1A1A7A02003287B4 /* QuartzCore.framework */; };
		9C0963FD1A1A7A06003287B4 /* Security.framework in Frameworks */ = {isa = PBXBuildFile; fileRef = 9C0963FC1A1A7A06003287B4 /* Security.framework */; };
		9C0963FF1A1A7A0B003287B4 /* StoreKit.framework in Frameworks */ = {isa = PBXBuildFile; fileRef = 9C0963FE1A1A7A0B003287B4 /* StoreKit.framework */; };
		9C0964011A1A7A10003287B4 /* SystemConfiguration.framework in Frameworks */ = {isa = PBXBuildFile; fileRef = 9C0964001A1A7A10003287B4 /* SystemConfiguration.framework */; };
		9C3CC5BD1A1ABADD00801889 /* AddTransactionViewController.swift in Sources */ = {isa = PBXBuildFile; fileRef = 9C3CC5A91A1ABADD00801889 /* AddTransactionViewController.swift */; };
		9C3CC5BE1A1ABADD00801889 /* AddTransactionViewController.xib in Resources */ = {isa = PBXBuildFile; fileRef = 9C3CC5AA1A1ABADD00801889 /* AddTransactionViewController.xib */; };
		9C3CC5BF1A1ABADD00801889 /* AppDelegate.swift in Sources */ = {isa = PBXBuildFile; fileRef = 9C3CC5AB1A1ABADD00801889 /* AppDelegate.swift */; };
		9C3CC5C01A1ABADD00801889 /* LaunchScreen.xib in Resources */ = {isa = PBXBuildFile; fileRef = 9C3CC5AD1A1ABADD00801889 /* LaunchScreen.xib */; };
		9C3CC5C21A1ABADD00801889 /* DashboardViewController.swift in Sources */ = {isa = PBXBuildFile; fileRef = 9C3CC5B01A1ABADD00801889 /* DashboardViewController.swift */; };
		9C3CC5C31A1ABADD00801889 /* Images.xcassets in Resources */ = {isa = PBXBuildFile; fileRef = 9C3CC5B11A1ABADD00801889 /* Images.xcassets */; };
		9C3CC5C51A1ABADD00801889 /* Categories.swift in Sources */ = {isa = PBXBuildFile; fileRef = 9C3CC5B41A1ABADD00801889 /* Categories.swift */; };
		9C3CC5C61A1ABADD00801889 /* Transactions.swift in Sources */ = {isa = PBXBuildFile; fileRef = 9C3CC5B51A1ABADD00801889 /* Transactions.swift */; };
		9C3CC5C71A1ABADD00801889 /* RecentTransactionsViewController.swift in Sources */ = {isa = PBXBuildFile; fileRef = 9C3CC5B71A1ABADD00801889 /* RecentTransactionsViewController.swift */; };
		9C3CC5C81A1ABADD00801889 /* SelectCategoryViewController.swift in Sources */ = {isa = PBXBuildFile; fileRef = 9C3CC5B81A1ABADD00801889 /* SelectCategoryViewController.swift */; };
		9C3CC5CC1A1ABADD00801889 /* TransactionTableViewCell.swift in Sources */ = {isa = PBXBuildFile; fileRef = 9C3CC5BC1A1ABADD00801889 /* TransactionTableViewCell.swift */; };
		9C3CC5D21A1ABB8600801889 /* Config.swift in Sources */ = {isa = PBXBuildFile; fileRef = 9C3CC5D11A1ABB8600801889 /* Config.swift */; };
		9CD69CE41A1BFB83009795B5 /* TransactionDetailViewController.swift in Sources */ = {isa = PBXBuildFile; fileRef = 9CD69CE31A1BFB83009795B5 /* TransactionDetailViewController.swift */; };
		9CD69CE61A1BFBBF009795B5 /* TransactionDetailViewController.xib in Resources */ = {isa = PBXBuildFile; fileRef = 9CD69CE51A1BFBBF009795B5 /* TransactionDetailViewController.xib */; };
/* End PBXBuildFile section */

/* Begin PBXContainerItemProxy section */
		9C0A314C1A0AEFBE00A94D9F /* PBXContainerItemProxy */ = {
			isa = PBXContainerItemProxy;
			containerPortal = 9C0A312E1A0AEFBE00A94D9F /* Project object */;
			proxyType = 1;
			remoteGlobalIDString = 9C0A31351A0AEFBE00A94D9F;
			remoteInfo = Peppermint;
		};
/* End PBXContainerItemProxy section */

/* Begin PBXFileReference section */
		9C0963E61A1A79D1003287B4 /* Bolts.framework */ = {isa = PBXFileReference; lastKnownFileType = wrapper.framework; path = Bolts.framework; sourceTree = "<group>"; };
		9C0963E71A1A79D1003287B4 /* Parse.framework */ = {isa = PBXFileReference; lastKnownFileType = wrapper.framework; path = Parse.framework; sourceTree = "<group>"; };
		9C0963E81A1A79D1003287B4 /* ParseFacebookUtils.framework */ = {isa = PBXFileReference; lastKnownFileType = wrapper.framework; path = ParseFacebookUtils.framework; sourceTree = "<group>"; };
		9C0963E91A1A79D1003287B4 /* ParseUI.framework */ = {isa = PBXFileReference; lastKnownFileType = wrapper.framework; path = ParseUI.framework; sourceTree = "<group>"; };
		9C0963EE1A1A79DE003287B4 /* AudioToolbox.framework */ = {isa = PBXFileReference; lastKnownFileType = wrapper.framework; name = AudioToolbox.framework; path = System/Library/Frameworks/AudioToolbox.framework; sourceTree = SDKROOT; };
		9C0963F01A1A79E4003287B4 /* CFNetwork.framework */ = {isa = PBXFileReference; lastKnownFileType = wrapper.framework; name = CFNetwork.framework; path = System/Library/Frameworks/CFNetwork.framework; sourceTree = SDKROOT; };
		9C0963F21A1A79EA003287B4 /* CoreGraphics.framework */ = {isa = PBXFileReference; lastKnownFileType = wrapper.framework; name = CoreGraphics.framework; path = System/Library/Frameworks/CoreGraphics.framework; sourceTree = SDKROOT; };
		9C0963F41A1A79F0003287B4 /* CoreLocation.framework */ = {isa = PBXFileReference; lastKnownFileType = wrapper.framework; name = CoreLocation.framework; path = System/Library/Frameworks/CoreLocation.framework; sourceTree = SDKROOT; };
		9C0963F61A1A79F5003287B4 /* libz.dylib */ = {isa = PBXFileReference; lastKnownFileType = "compiled.mach-o.dylib"; name = libz.dylib; path = usr/lib/libz.dylib; sourceTree = SDKROOT; };
		9C0963F81A1A79FB003287B4 /* MobileCoreServices.framework */ = {isa = PBXFileReference; lastKnownFileType = wrapper.framework; name = MobileCoreServices.framework; path = System/Library/Frameworks/MobileCoreServices.framework; sourceTree = SDKROOT; };
		9C0963FA1A1A7A02003287B4 /* QuartzCore.framework */ = {isa = PBXFileReference; lastKnownFileType = wrapper.framework; name = QuartzCore.framework; path = System/Library/Frameworks/QuartzCore.framework; sourceTree = SDKROOT; };
		9C0963FC1A1A7A06003287B4 /* Security.framework */ = {isa = PBXFileReference; lastKnownFileType = wrapper.framework; name = Security.framework; path = System/Library/Frameworks/Security.framework; sourceTree = SDKROOT; };
		9C0963FE1A1A7A0B003287B4 /* StoreKit.framework */ = {isa = PBXFileReference; lastKnownFileType = wrapper.framework; name = StoreKit.framework; path = System/Library/Frameworks/StoreKit.framework; sourceTree = SDKROOT; };
		9C0964001A1A7A10003287B4 /* SystemConfiguration.framework */ = {isa = PBXFileReference; lastKnownFileType = wrapper.framework; name = SystemConfiguration.framework; path = System/Library/Frameworks/SystemConfiguration.framework; sourceTree = SDKROOT; };
		9C0A31361A0AEFBE00A94D9F /* Flow.app */ = {isa = PBXFileReference; explicitFileType = wrapper.application; includeInIndex = 0; path = Flow.app; sourceTree = BUILT_PRODUCTS_DIR; };
		9C0A314B1A0AEFBE00A94D9F /* FlowTests.xctest */ = {isa = PBXFileReference; explicitFileType = wrapper.cfbundle; includeInIndex = 0; path = FlowTests.xctest; sourceTree = BUILT_PRODUCTS_DIR; };
		9C3CC5A91A1ABADD00801889 /* AddTransactionViewController.swift */ = {isa = PBXFileReference; fileEncoding = 4; lastKnownFileType = sourcecode.swift; lineEnding = 0; name = AddTransactionViewController.swift; path = Flow/AddTransactionViewController.swift; sourceTree = SOURCE_ROOT; xcLanguageSpecificationIdentifier = xcode.lang.swift; };
		9C3CC5AA1A1ABADD00801889 /* AddTransactionViewController.xib */ = {isa = PBXFileReference; fileEncoding = 4; lastKnownFileType = file.xib; name = AddTransactionViewController.xib; path = Flow/AddTransactionViewController.xib; sourceTree = SOURCE_ROOT; };
		9C3CC5AB1A1ABADD00801889 /* AppDelegate.swift */ = {isa = PBXFileReference; fileEncoding = 4; lastKnownFileType = sourcecode.swift; lineEnding = 0; name = AppDelegate.swift; path = Flow/AppDelegate.swift; sourceTree = SOURCE_ROOT; xcLanguageSpecificationIdentifier = xcode.lang.swift; };
		9C3CC5AE1A1ABADD00801889 /* Base */ = {isa = PBXFileReference; lastKnownFileType = file.xib; name = Base; path = LaunchScreen.xib; sourceTree = "<group>"; };
		9C3CC5B01A1ABADD00801889 /* DashboardViewController.swift */ = {isa = PBXFileReference; fileEncoding = 4; lastKnownFileType = sourcecode.swift; lineEnding = 0; name = DashboardViewController.swift; path = Flow/DashboardViewController.swift; sourceTree = SOURCE_ROOT; xcLanguageSpecificationIdentifier = xcode.lang.swift; };
		9C3CC5B11A1ABADD00801889 /* Images.xcassets */ = {isa = PBXFileReference; lastKnownFileType = folder.assetcatalog; name = Images.xcassets; path = Flow/Images.xcassets; sourceTree = SOURCE_ROOT; };
		9C3CC5B21A1ABADD00801889 /* Info.plist */ = {isa = PBXFileReference; fileEncoding = 4; lastKnownFileType = text.plist.xml; name = Info.plist; path = Flow/Info.plist; sourceTree = SOURCE_ROOT; };
		9C3CC5B41A1ABADD00801889 /* Categories.swift */ = {isa = PBXFileReference; fileEncoding = 4; lastKnownFileType = sourcecode.swift; lineEnding = 0; path = Categories.swift; sourceTree = "<group>"; xcLanguageSpecificationIdentifier = xcode.lang.swift; };
		9C3CC5B51A1ABADD00801889 /* Transactions.swift */ = {isa = PBXFileReference; fileEncoding = 4; lastKnownFileType = sourcecode.swift; lineEnding = 0; path = Transactions.swift; sourceTree = "<group>"; xcLanguageSpecificationIdentifier = xcode.lang.swift; };
		9C3CC5B71A1ABADD00801889 /* RecentTransactionsViewController.swift */ = {isa = PBXFileReference; fileEncoding = 4; lastKnownFileType = sourcecode.swift; lineEnding = 0; name = RecentTransactionsViewController.swift; path = Flow/RecentTransactionsViewController.swift; sourceTree = SOURCE_ROOT; xcLanguageSpecificationIdentifier = xcode.lang.swift; };
		9C3CC5B81A1ABADD00801889 /* SelectCategoryViewController.swift */ = {isa = PBXFileReference; fileEncoding = 4; lastKnownFileType = sourcecode.swift; lineEnding = 0; name = SelectCategoryViewController.swift; path = Flow/SelectCategoryViewController.swift; sourceTree = SOURCE_ROOT; xcLanguageSpecificationIdentifier = xcode.lang.swift; };
		9C3CC5BC1A1ABADD00801889 /* TransactionTableViewCell.swift */ = {isa = PBXFileReference; fileEncoding = 4; lastKnownFileType = sourcecode.swift; lineEnding = 0; name = TransactionTableViewCell.swift; path = Flow/TransactionTableViewCell.swift; sourceTree = SOURCE_ROOT; xcLanguageSpecificationIdentifier = xcode.lang.swift; };
		9C3CC5D11A1ABB8600801889 /* Config.swift */ = {isa = PBXFileReference; fileEncoding = 4; lastKnownFileType = sourcecode.swift; lineEnding = 0; name = Config.swift; path = Flow/Config.swift; sourceTree = SOURCE_ROOT; xcLanguageSpecificationIdentifier = xcode.lang.swift; };
		9C3CC5D31A1ABD3A00801889 /* FlowTests.swift */ = {isa = PBXFileReference; fileEncoding = 4; lastKnownFileType = sourcecode.swift; name = FlowTests.swift; path = FlowTests/FlowTests.swift; sourceTree = SOURCE_ROOT; };
		9C3CC5D41A1ABD3A00801889 /* Info.plist */ = {isa = PBXFileReference; fileEncoding = 4; lastKnownFileType = text.plist.xml; name = Info.plist; path = FlowTests/Info.plist; sourceTree = SOURCE_ROOT; };
		9CD69CE31A1BFB83009795B5 /* TransactionDetailViewController.swift */ = {isa = PBXFileReference; fileEncoding = 4; lastKnownFileType = sourcecode.swift; name = TransactionDetailViewController.swift; path = Flow/TransactionDetailViewController.swift; sourceTree = SOURCE_ROOT; };
		9CD69CE51A1BFBBF009795B5 /* TransactionDetailViewController.xib */ = {isa = PBXFileReference; fileEncoding = 4; lastKnownFileType = file.xib; name = TransactionDetailViewController.xib; path = Flow/TransactionDetailViewController.xib; sourceTree = SOURCE_ROOT; };
/* End PBXFileReference section */

/* Begin PBXFrameworksBuildPhase section */
		9C0A31331A0AEFBE00A94D9F /* Frameworks */ = {
			isa = PBXFrameworksBuildPhase;
			buildActionMask = 2147483647;
			files = (
				9C0964011A1A7A10003287B4 /* SystemConfiguration.framework in Frameworks */,
				9C0963FF1A1A7A0B003287B4 /* StoreKit.framework in Frameworks */,
				9C0963FD1A1A7A06003287B4 /* Security.framework in Frameworks */,
				9C0963FB1A1A7A02003287B4 /* QuartzCore.framework in Frameworks */,
				9C0963F91A1A79FB003287B4 /* MobileCoreServices.framework in Frameworks */,
				9C0963F71A1A79F5003287B4 /* libz.dylib in Frameworks */,
				9C0963F51A1A79F0003287B4 /* CoreLocation.framework in Frameworks */,
				9C0963F31A1A79EA003287B4 /* CoreGraphics.framework in Frameworks */,
				9C0963F11A1A79E4003287B4 /* CFNetwork.framework in Frameworks */,
				9C0963EF1A1A79DE003287B4 /* AudioToolbox.framework in Frameworks */,
				9C0963EB1A1A79D1003287B4 /* Parse.framework in Frameworks */,
				9C0963EA1A1A79D1003287B4 /* Bolts.framework in Frameworks */,
				9C0963ED1A1A79D1003287B4 /* ParseUI.framework in Frameworks */,
				9C0963EC1A1A79D1003287B4 /* ParseFacebookUtils.framework in Frameworks */,
			);
			runOnlyForDeploymentPostprocessing = 0;
		};
		9C0A31481A0AEFBE00A94D9F /* Frameworks */ = {
			isa = PBXFrameworksBuildPhase;
			buildActionMask = 2147483647;
			files = (
			);
			runOnlyForDeploymentPostprocessing = 0;
		};
/* End PBXFrameworksBuildPhase section */

/* Begin PBXGroup section */
		60E0DA89D574702F6513F7FA /* Frameworks */ = {
			isa = PBXGroup;
			children = (
				9C0964001A1A7A10003287B4 /* SystemConfiguration.framework */,
				9C0963FE1A1A7A0B003287B4 /* StoreKit.framework */,
				9C0963FC1A1A7A06003287B4 /* Security.framework */,
				9C0963FA1A1A7A02003287B4 /* QuartzCore.framework */,
				9C0963F81A1A79FB003287B4 /* MobileCoreServices.framework */,
				9C0963F61A1A79F5003287B4 /* libz.dylib */,
				9C0963F41A1A79F0003287B4 /* CoreLocation.framework */,
				9C0963F21A1A79EA003287B4 /* CoreGraphics.framework */,
				9C0963F01A1A79E4003287B4 /* CFNetwork.framework */,
				9C0963EE1A1A79DE003287B4 /* AudioToolbox.framework */,
				9C0963E61A1A79D1003287B4 /* Bolts.framework */,
				9C0963E71A1A79D1003287B4 /* Parse.framework */,
				9C0963E81A1A79D1003287B4 /* ParseFacebookUtils.framework */,
				9C0963E91A1A79D1003287B4 /* ParseUI.framework */,
			);
			name = Frameworks;
			sourceTree = "<group>";
		};
		9C0A312D1A0AEFBE00A94D9F = {
			isa = PBXGroup;
			children = (
				9C0A31381A0AEFBE00A94D9F /* Flow */,
				9C0A314E1A0AEFBE00A94D9F /* FlowTests */,
				9C0A31371A0AEFBE00A94D9F /* Products */,
				60E0DA89D574702F6513F7FA /* Frameworks */,
			);
			sourceTree = "<group>";
		};
		9C0A31371A0AEFBE00A94D9F /* Products */ = {
			isa = PBXGroup;
			children = (
				9C0A31361A0AEFBE00A94D9F /* Flow.app */,
				9C0A314B1A0AEFBE00A94D9F /* FlowTests.xctest */,
			);
			name = Products;
			sourceTree = "<group>";
		};
		9C0A31381A0AEFBE00A94D9F /* Flow */ = {
			isa = PBXGroup;
			children = (
				9C3CC5AC1A1ABADD00801889 /* Base.lproj */,
				9C3CC5D11A1ABB8600801889 /* Config.swift */,
				9C3CC5A91A1ABADD00801889 /* AddTransactionViewController.swift */,
				9C3CC5AA1A1ABADD00801889 /* AddTransactionViewController.xib */,
				9C3CC5AB1A1ABADD00801889 /* AppDelegate.swift */,
				9C3CC5B01A1ABADD00801889 /* DashboardViewController.swift */,
				9C3CC5B11A1ABADD00801889 /* Images.xcassets */,
				9C3CC5B31A1ABADD00801889 /* Models */,
				9C3CC5B71A1ABADD00801889 /* RecentTransactionsViewController.swift */,
				9C3CC5B81A1ABADD00801889 /* SelectCategoryViewController.swift */,
				9C3CC5BC1A1ABADD00801889 /* TransactionTableViewCell.swift */,
				9C3CC5D71A1ABF6800801889 /* Supporting Files */,
				9CD69CE31A1BFB83009795B5 /* TransactionDetailViewController.swift */,
				9CD69CE51A1BFBBF009795B5 /* TransactionDetailViewController.xib */,
			);
			name = Flow;
			path = Peppermint;
			sourceTree = "<group>";
		};
		9C0A314E1A0AEFBE00A94D9F /* FlowTests */ = {
			isa = PBXGroup;
			children = (
				9C3CC5D31A1ABD3A00801889 /* FlowTests.swift */,
				9C0A314F1A0AEFBE00A94D9F /* Supporting Files */,
			);
			name = FlowTests;
			path = PeppermintTests;
			sourceTree = "<group>";
		};
		9C0A314F1A0AEFBE00A94D9F /* Supporting Files */ = {
			isa = PBXGroup;
			children = (
				9C3CC5D41A1ABD3A00801889 /* Info.plist */,
			);
			name = "Supporting Files";
			sourceTree = "<group>";
		};
		9C3CC5AC1A1ABADD00801889 /* Base.lproj */ = {
			isa = PBXGroup;
			children = (
				9C3CC5AD1A1ABADD00801889 /* LaunchScreen.xib */,
			);
			name = Base.lproj;
			path = Flow/Base.lproj;
			sourceTree = SOURCE_ROOT;
		};
		9C3CC5B31A1ABADD00801889 /* Models */ = {
			isa = PBXGroup;
			children = (
				9C3CC5B41A1ABADD00801889 /* Categories.swift */,
				9C3CC5B51A1ABADD00801889 /* Transactions.swift */,
			);
			name = Models;
			path = Flow/Models;
			sourceTree = SOURCE_ROOT;
		};
		9C3CC5D71A1ABF6800801889 /* Supporting Files */ = {
			isa = PBXGroup;
			children = (
				9C3CC5B21A1ABADD00801889 /* Info.plist */,
			);
			name = "Supporting Files";
			sourceTree = "<group>";
		};
/* End PBXGroup section */

/* Begin PBXNativeTarget section */
		9C0A31351A0AEFBE00A94D9F /* Flow */ = {
			isa = PBXNativeTarget;
			buildConfigurationList = 9C0A31551A0AEFBE00A94D9F /* Build configuration list for PBXNativeTarget "Flow" */;
			buildPhases = (
				9C0A31321A0AEFBE00A94D9F /* Sources */,
				9C0A31331A0AEFBE00A94D9F /* Frameworks */,
				9C0A31341A0AEFBE00A94D9F /* Resources */,
			);
			buildRules = (
			);
			dependencies = (
			);
			name = Flow;
			productName = Peppermint;
			productReference = 9C0A31361A0AEFBE00A94D9F /* Flow.app */;
			productType = "com.apple.product-type.application";
		};
		9C0A314A1A0AEFBE00A94D9F /* FlowTests */ = {
			isa = PBXNativeTarget;
			buildConfigurationList = 9C0A31581A0AEFBE00A94D9F /* Build configuration list for PBXNativeTarget "FlowTests" */;
			buildPhases = (
				9C0A31471A0AEFBE00A94D9F /* Sources */,
				9C0A31481A0AEFBE00A94D9F /* Frameworks */,
				9C0A31491A0AEFBE00A94D9F /* Resources */,
			);
			buildRules = (
			);
			dependencies = (
				9C0A314D1A0AEFBE00A94D9F /* PBXTargetDependency */,
			);
			name = FlowTests;
			productName = PeppermintTests;
			productReference = 9C0A314B1A0AEFBE00A94D9F /* FlowTests.xctest */;
			productType = "com.apple.product-type.bundle.unit-test";
		};
/* End PBXNativeTarget section */

/* Begin PBXProject section */
		9C0A312E1A0AEFBE00A94D9F /* Project object */ = {
			isa = PBXProject;
			attributes = {
				LastUpgradeCheck = 0610;
				ORGANIZATIONNAME = PaulShen;
				TargetAttributes = {
					9C0A31351A0AEFBE00A94D9F = {
						CreatedOnToolsVersion = 6.1;
					};
					9C0A314A1A0AEFBE00A94D9F = {
						CreatedOnToolsVersion = 6.1;
						TestTargetID = 9C0A31351A0AEFBE00A94D9F;
					};
				};
			};
			buildConfigurationList = 9C0A31311A0AEFBE00A94D9F /* Build configuration list for PBXProject "Flow" */;
			compatibilityVersion = "Xcode 3.2";
			developmentRegion = English;
			hasScannedForEncodings = 0;
			knownRegions = (
				en,
				Base,
			);
			mainGroup = 9C0A312D1A0AEFBE00A94D9F;
			productRefGroup = 9C0A31371A0AEFBE00A94D9F /* Products */;
			projectDirPath = "";
			projectRoot = "";
			targets = (
				9C0A31351A0AEFBE00A94D9F /* Flow */,
				9C0A314A1A0AEFBE00A94D9F /* FlowTests */,
			);
		};
/* End PBXProject section */

/* Begin PBXResourcesBuildPhase section */
		9C0A31341A0AEFBE00A94D9F /* Resources */ = {
			isa = PBXResourcesBuildPhase;
			buildActionMask = 2147483647;
			files = (
				9CD69CE61A1BFBBF009795B5 /* TransactionDetailViewController.xib in Resources */,
				9C3CC5C31A1ABADD00801889 /* Images.xcassets in Resources */,
				9C3CC5BE1A1ABADD00801889 /* AddTransactionViewController.xib in Resources */,
				9C3CC5C01A1ABADD00801889 /* LaunchScreen.xib in Resources */,
			);
			runOnlyForDeploymentPostprocessing = 0;
		};
		9C0A31491A0AEFBE00A94D9F /* Resources */ = {
			isa = PBXResourcesBuildPhase;
			buildActionMask = 2147483647;
			files = (
			);
			runOnlyForDeploymentPostprocessing = 0;
		};
/* End PBXResourcesBuildPhase section */

/* Begin PBXSourcesBuildPhase section */
		9C0A31321A0AEFBE00A94D9F /* Sources */ = {
			isa = PBXSourcesBuildPhase;
			buildActionMask = 2147483647;
			files = (
				9C3CC5C81A1ABADD00801889 /* SelectCategoryViewController.swift in Sources */,
				9C3CC5CC1A1ABADD00801889 /* TransactionTableViewCell.swift in Sources */,
				9C3CC5C21A1ABADD00801889 /* DashboardViewController.swift in Sources */,
				9C3CC5C51A1ABADD00801889 /* Categories.swift in Sources */,
				9C3CC5D21A1ABB8600801889 /* Config.swift in Sources */,
				9C3CC5BD1A1ABADD00801889 /* AddTransactionViewController.swift in Sources */,
				9CD69CE41A1BFB83009795B5 /* TransactionDetailViewController.swift in Sources */,
				9C3CC5C61A1ABADD00801889 /* Transactions.swift in Sources */,
				9C3CC5BF1A1ABADD00801889 /* AppDelegate.swift in Sources */,
				9C3CC5C71A1ABADD00801889 /* RecentTransactionsViewController.swift in Sources */,
			);
			runOnlyForDeploymentPostprocessing = 0;
		};
		9C0A31471A0AEFBE00A94D9F /* Sources */ = {
			isa = PBXSourcesBuildPhase;
			buildActionMask = 2147483647;
			files = (
			);
			runOnlyForDeploymentPostprocessing = 0;
		};
/* End PBXSourcesBuildPhase section */

/* Begin PBXTargetDependency section */
		9C0A314D1A0AEFBE00A94D9F /* PBXTargetDependency */ = {
			isa = PBXTargetDependency;
			target = 9C0A31351A0AEFBE00A94D9F /* Flow */;
			targetProxy = 9C0A314C1A0AEFBE00A94D9F /* PBXContainerItemProxy */;
		};
/* End PBXTargetDependency section */

/* Begin PBXVariantGroup section */
		9C3CC5AD1A1ABADD00801889 /* LaunchScreen.xib */ = {
			isa = PBXVariantGroup;
			children = (
				9C3CC5AE1A1ABADD00801889 /* Base */,
			);
			name = LaunchScreen.xib;
			sourceTree = "<group>";
		};
/* End PBXVariantGroup section */

/* Begin XCBuildConfiguration section */
		9C0A31531A0AEFBE00A94D9F /* Debug */ = {
			isa = XCBuildConfiguration;
			buildSettings = {
				ALWAYS_SEARCH_USER_PATHS = NO;
				CLANG_ALLOW_NON_MODULAR_INCLUDES_IN_FRAMEWORK_MODULES = YES;
				CLANG_CXX_LANGUAGE_STANDARD = "gnu++0x";
				CLANG_CXX_LIBRARY = "libc++";
				CLANG_ENABLE_MODULES = YES;
				CLANG_ENABLE_OBJC_ARC = YES;
				CLANG_WARN_BOOL_CONVERSION = YES;
				CLANG_WARN_CONSTANT_CONVERSION = YES;
				CLANG_WARN_DIRECT_OBJC_ISA_USAGE = YES_ERROR;
				CLANG_WARN_EMPTY_BODY = YES;
				CLANG_WARN_ENUM_CONVERSION = YES;
				CLANG_WARN_INT_CONVERSION = YES;
				CLANG_WARN_OBJC_ROOT_CLASS = YES_ERROR;
				CLANG_WARN_UNREACHABLE_CODE = YES;
				CLANG_WARN__DUPLICATE_METHOD_MATCH = YES;
				"CODE_SIGN_IDENTITY[sdk=iphoneos*]" = "iPhone Developer";
				COPY_PHASE_STRIP = NO;
				ENABLE_STRICT_OBJC_MSGSEND = YES;
				GCC_C_LANGUAGE_STANDARD = gnu99;
				GCC_DYNAMIC_NO_PIC = NO;
				GCC_OPTIMIZATION_LEVEL = 0;
				GCC_PREPROCESSOR_DEFINITIONS = (
					"DEBUG=1",
					"$(inherited)",
				);
				GCC_SYMBOLS_PRIVATE_EXTERN = NO;
				GCC_WARN_64_TO_32_BIT_CONVERSION = YES;
				GCC_WARN_ABOUT_RETURN_TYPE = YES_ERROR;
				GCC_WARN_UNDECLARED_SELECTOR = YES;
				GCC_WARN_UNINITIALIZED_AUTOS = YES_AGGRESSIVE;
				GCC_WARN_UNUSED_FUNCTION = YES;
				GCC_WARN_UNUSED_VARIABLE = YES;
				IPHONEOS_DEPLOYMENT_TARGET = 8.1;
				MTL_ENABLE_DEBUG_INFO = YES;
				ONLY_ACTIVE_ARCH = YES;
				SDKROOT = iphoneos;
				SWIFT_OBJC_BRIDGING_HEADER = "";
				SWIFT_OPTIMIZATION_LEVEL = "-Onone";
			};
			name = Debug;
		};
		9C0A31541A0AEFBE00A94D9F /* Release */ = {
			isa = XCBuildConfiguration;
			buildSettings = {
				ALWAYS_SEARCH_USER_PATHS = NO;
				CLANG_ALLOW_NON_MODULAR_INCLUDES_IN_FRAMEWORK_MODULES = YES;
				CLANG_CXX_LANGUAGE_STANDARD = "gnu++0x";
				CLANG_CXX_LIBRARY = "libc++";
				CLANG_ENABLE_MODULES = YES;
				CLANG_ENABLE_OBJC_ARC = YES;
				CLANG_WARN_BOOL_CONVERSION = YES;
				CLANG_WARN_CONSTANT_CONVERSION = YES;
				CLANG_WARN_DIRECT_OBJC_ISA_USAGE = YES_ERROR;
				CLANG_WARN_EMPTY_BODY = YES;
				CLANG_WARN_ENUM_CONVERSION = YES;
				CLANG_WARN_INT_CONVERSION = YES;
				CLANG_WARN_OBJC_ROOT_CLASS = YES_ERROR;
				CLANG_WARN_UNREACHABLE_CODE = YES;
				CLANG_WARN__DUPLICATE_METHOD_MATCH = YES;
				"CODE_SIGN_IDENTITY[sdk=iphoneos*]" = "iPhone Developer";
				COPY_PHASE_STRIP = YES;
				ENABLE_NS_ASSERTIONS = NO;
				ENABLE_STRICT_OBJC_MSGSEND = YES;
				GCC_C_LANGUAGE_STANDARD = gnu99;
				GCC_WARN_64_TO_32_BIT_CONVERSION = YES;
				GCC_WARN_ABOUT_RETURN_TYPE = YES_ERROR;
				GCC_WARN_UNDECLARED_SELECTOR = YES;
				GCC_WARN_UNINITIALIZED_AUTOS = YES_AGGRESSIVE;
				GCC_WARN_UNUSED_FUNCTION = YES;
				GCC_WARN_UNUSED_VARIABLE = YES;
				IPHONEOS_DEPLOYMENT_TARGET = 8.1;
				MTL_ENABLE_DEBUG_INFO = NO;
				SDKROOT = iphoneos;
				SWIFT_OBJC_BRIDGING_HEADER = "";
				VALIDATE_PRODUCT = YES;
			};
			name = Release;
		};
		9C0A31561A0AEFBE00A94D9F /* Debug */ = {
			isa = XCBuildConfiguration;
			buildSettings = {
				ASSETCATALOG_COMPILER_APPICON_NAME = AppIcon;
				CLANG_ENABLE_MODULES = YES;
				FRAMEWORK_SEARCH_PATHS = (
					"$(inherited)",
					"$(PROJECT_DIR)",
				);
				GCC_PREPROCESSOR_DEFINITIONS = "$(inherited)";
				INFOPLIST_FILE = "$(SRCROOT)/Flow/Info.plist";
				LD_RUNPATH_SEARCH_PATHS = "$(inherited) @executable_path/Frameworks";
				PRODUCT_NAME = Flow;
				SWIFT_OBJC_BRIDGING_HEADER = "";
				SWIFT_OPTIMIZATION_LEVEL = "-Onone";
			};
			name = Debug;
		};
		9C0A31571A0AEFBE00A94D9F /* Release */ = {
			isa = XCBuildConfiguration;
			buildSettings = {
				ASSETCATALOG_COMPILER_APPICON_NAME = AppIcon;
				CLANG_ENABLE_MODULES = YES;
				FRAMEWORK_SEARCH_PATHS = (
					"$(inherited)",
					"$(PROJECT_DIR)",
				);
				GCC_PREPROCESSOR_DEFINITIONS = "$(inherited)";
				INFOPLIST_FILE = "$(SRCROOT)/Flow/Info.plist";
				LD_RUNPATH_SEARCH_PATHS = "$(inherited) @executable_path/Frameworks";
				PRODUCT_NAME = Flow;
				SWIFT_OBJC_BRIDGING_HEADER = "";
			};
			name = Release;
		};
		9C0A31591A0AEFBE00A94D9F /* Debug */ = {
			isa = XCBuildConfiguration;
			buildSettings = {
				BUNDLE_LOADER = "$(TEST_HOST)";
				FRAMEWORK_SEARCH_PATHS = (
					"$(SDKROOT)/Developer/Library/Frameworks",
					"$(inherited)",
				);
				GCC_PREPROCESSOR_DEFINITIONS = (
					"DEBUG=1",
					"$(inherited)",
				);
				INFOPLIST_FILE = Flow/Info.plist;
				LD_RUNPATH_SEARCH_PATHS = "$(inherited) @executable_path/Frameworks @loader_path/Frameworks";
				PRODUCT_NAME = FlowTests;
				TEST_HOST = "$(BUILT_PRODUCTS_DIR)/Peppermint.app/Peppermint";
			};
			name = Debug;
		};
		9C0A315A1A0AEFBE00A94D9F /* Release */ = {
			isa = XCBuildConfiguration;
			buildSettings = {
				BUNDLE_LOADER = "$(TEST_HOST)";
				FRAMEWORK_SEARCH_PATHS = (
					"$(SDKROOT)/Developer/Library/Frameworks",
					"$(inherited)",
				);
				INFOPLIST_FILE = Flow/Info.plist;
				LD_RUNPATH_SEARCH_PATHS = "$(inherited) @executable_path/Frameworks @loader_path/Frameworks";
				PRODUCT_NAME = FlowTests;
				TEST_HOST = "$(BUILT_PRODUCTS_DIR)/Peppermint.app/Peppermint";
			};
			name = Release;
		};
/* End XCBuildConfiguration section */

/* Begin XCConfigurationList section */
		9C0A31311A0AEFBE00A94D9F /* Build configuration list for PBXProject "Flow" */ = {
			isa = XCConfigurationList;
			buildConfigurations = (
				9C0A31531A0AEFBE00A94D9F /* Debug */,
				9C0A31541A0AEFBE00A94D9F /* Release */,
			);
			defaultConfigurationIsVisible = 0;
			defaultConfigurationName = Release;
		};
		9C0A31551A0AEFBE00A94D9F /* Build configuration list for PBXNativeTarget "Flow" */ = {
			isa = XCConfigurationList;
			buildConfigurations = (
				9C0A31561A0AEFBE00A94D9F /* Debug */,
				9C0A31571A0AEFBE00A94D9F /* Release */,
			);
			defaultConfigurationIsVisible = 0;
			defaultConfigurationName = Release;
		};
		9C0A31581A0AEFBE00A94D9F /* Build configuration list for PBXNativeTarget "FlowTests" */ = {
			isa = XCConfigurationList;
			buildConfigurations = (
				9C0A31591A0AEFBE00A94D9F /* Debug */,
				9C0A315A1A0AEFBE00A94D9F /* Release */,
			);
			defaultConfigurationIsVisible = 0;
			defaultConfigurationName = Release;
		};
/* End XCConfigurationList section */
	};
	rootObject = 9C0A312E1A0AEFBE00A94D9F /* Project object */;
}
